github.com/dusted-go/encoding v1.0.0 h1:JowRiZJdM53eImUnDGpFs1sk2tYgfl+xV8+lB0lKG9Y=
github.com/dusted-go/encoding v1.0.0/go.mod h1:VL6rrZzmzcTkmCWp2z+W8vGJh1aXHzNc/C6A/z8jgf0=
golang.org/x/crypto v0.0.0-20210921155107-089bfa567519 h1:7I4JAnoQBe7ZtJcBaYHi5UtiO8tQHbUSXxL+pnGRANg=
golang.org/x/crypto v0.0.0-20210921155107-089bfa567519/go.mod h1:GvvjBRRGRdwPK5ydBHafDWAxML/pGHZbMvKqRZ5+Abc=
